{
  "name": "cssmitten",
  "version": "3.0.5",
  "lockfileVersion": 2,
  "requires": true,
  "packages": {
    "": {
      "name": "cssmitten",
      "version": "3.0.5",
      "license": "Apache-2.0",
      "dependencies": {
        "hash-switch": "^2.2.1",
        "modular-scale": "^5.1.0"
      },
      "bin": {
        "cssmitten": "cli.js"
      }
    },
    "node_modules/hash-switch": {
      "version": "2.2.1",
      "resolved": "https://registry.npmjs.org/hash-switch/-/hash-switch-2.2.1.tgz",
      "integrity": "sha512-7uFE0ylTpxNW/ibFyWXEe78HM6P/xv14vgteVEy/92h4G8mM8eKHyJ7iOkU91kD7gIRKNsl5/m2UB1wYDUJ1Og=="
    },
    "node_modules/modular-scale": {
      "version": "5.1.2",
      "resolved": "https://registry.npmjs.org/modular-scale/-/modular-scale-5.1.2.tgz",
      "integrity": "sha512-xKH8sEdYugwkl+7AxCqZt3RXF2DN3h0G04QhdUt8PDWhx16cVsx+B8dT61qG2BghSwieTGkkjq7Tc6FqnEEl2g=="
    }
  },
  "dependencies": {
    "hash-switch": {
      "version": "2.2.1",
      "resolved": "https://registry.npmjs.org/hash-switch/-/hash-switch-2.2.1.tgz",
      "integrity": "sha512-7uFE0ylTpxNW/ibFyWXEe78HM6P/xv14vgteVEy/92h4G8mM8eKHyJ7iOkU91kD7gIRKNsl5/m2UB1wYDUJ1Og=="
    },
    "modular-scale": {
      "version": "5.1.2",
      "resolved": "https://registry.npmjs.org/modular-scale/-/modular-scale-5.1.2.tgz",
      "integrity": "sha512-xKH8sEdYugwkl+7AxCqZt3RXF2DN3h0G04QhdUt8PDWhx16cVsx+B8dT61qG2BghSwieTGkkjq7Tc6FqnEEl2g=="
    }
  }
}
